// !$*UTF8*$!
{
	archiveVersion = 1;
	classes = {
	};
	objectVersion = 55;
	objects = {

/* Begin PBXBuildFile section */
		6A06703227BD76940073B205 /* Keboard.swift in Sources */ = {isa = PBXBuildFile; fileRef = 6A06703127BD76940073B205 /* Keboard.swift */; };
		6A06703427BD99A10073B205 /* StaticModel.swift in Sources */ = {isa = PBXBuildFile; fileRef = 6A06703327BD99A10073B205 /* StaticModel.swift */; };
		6A06703627BD9B480073B205 /* EstadisticasView.swift in Sources */ = {isa = PBXBuildFile; fileRef = 6A06703527BD9B480073B205 /* EstadisticasView.swift */; };
		6A06703827BDA27D0073B205 /* HomeStaView.swift in Sources */ = {isa = PBXBuildFile; fileRef = 6A06703727BDA27D0073B205 /* HomeStaView.swift */; };
		6A06703A27BE28990073B205 /* MarketDataModel.swift in Sources */ = {isa = PBXBuildFile; fileRef = 6A06703927BE28990073B205 /* MarketDataModel.swift */; };
		6A06703C27BE2C490073B205 /* MarketDataService.swift in Sources */ = {isa = PBXBuildFile; fileRef = 6A06703B27BE2C490073B205 /* MarketDataService.swift */; };
		6A06703E27BEE3670073B205 /* PortafolioView.swift in Sources */ = {isa = PBXBuildFile; fileRef = 6A06703D27BEE3670073B205 /* PortafolioView.swift */; };
		6A06704027BEE9580073B205 /* XMarkButton.swift in Sources */ = {isa = PBXBuildFile; fileRef = 6A06703F27BEE9580073B205 /* XMarkButton.swift */; };
		6A06704227BF0D1B0073B205 /* CoinLogoView.swift in Sources */ = {isa = PBXBuildFile; fileRef = 6A06704127BF0D1B0073B205 /* CoinLogoView.swift */; };
		6A06704527BF3D0A0073B205 /* PortafolioContainer.xcdatamodeld in Sources */ = {isa = PBXBuildFile; fileRef = 6A06704327BF3D0A0073B205 /* PortafolioContainer.xcdatamodeld */; };
		6A06704727BF3DEF0073B205 /* PortafolioDataService.swift in Sources */ = {isa = PBXBuildFile; fileRef = 6A06704627BF3DEF0073B205 /* PortafolioDataService.swift */; };
		6A06704927BF7E960073B205 /* HapticManager.swift in Sources */ = {isa = PBXBuildFile; fileRef = 6A06704827BF7E960073B205 /* HapticManager.swift */; };
		6A26E5E827B35558001A68E2 /* CrytoWalletApp.swift in Sources */ = {isa = PBXBuildFile; fileRef = 6A26E5E727B35558001A68E2 /* CrytoWalletApp.swift */; };
		6A26E5EA27B35558001A68E2 /* ContentView.swift in Sources */ = {isa = PBXBuildFile; fileRef = 6A26E5E927B35558001A68E2 /* ContentView.swift */; };
		6A26E5EC27B3555F001A68E2 /* Assets.xcassets in Resources */ = {isa = PBXBuildFile; fileRef = 6A26E5EB27B3555F001A68E2 /* Assets.xcassets */; };
		6A26E5EF27B3555F001A68E2 /* Preview Assets.xcassets in Resources */ = {isa = PBXBuildFile; fileRef = 6A26E5EE27B3555F001A68E2 /* Preview Assets.xcassets */; };
		6A26E5F727B3639D001A68E2 /* Colors.swift in Sources */ = {isa = PBXBuildFile; fileRef = 6A26E5F627B3639D001A68E2 /* Colors.swift */; };
		6A26E5FD27B37CF5001A68E2 /* HomeView.swift in Sources */ = {isa = PBXBuildFile; fileRef = 6A26E5FC27B37CF5001A68E2 /* HomeView.swift */; };
		6A26E60127B380B3001A68E2 /* CircleButtonView.swift in Sources */ = {isa = PBXBuildFile; fileRef = 6A26E60027B380B3001A68E2 /* CircleButtonView.swift */; };
		6A26E60327B396D3001A68E2 /* CircleButtonAnimationView.swift in Sources */ = {isa = PBXBuildFile; fileRef = 6A26E60227B396D3001A68E2 /* CircleButtonAnimationView.swift */; };
		6A26E60627B39CCD001A68E2 /* CoinModel.swift in Sources */ = {isa = PBXBuildFile; fileRef = 6A26E60527B39CCD001A68E2 /* CoinModel.swift */; };
		6A482DD127B5C68E005BFC16 /* NetworkingManager.swift in Sources */ = {isa = PBXBuildFile; fileRef = 6A482DD027B5C68E005BFC16 /* NetworkingManager.swift */; };
		6A482DD427B5FB4C005BFC16 /* CoinImageView.swift in Sources */ = {isa = PBXBuildFile; fileRef = 6A482DD327B5FB4C005BFC16 /* CoinImageView.swift */; };
		6A482DD627B5FE10005BFC16 /* CoinImageService.swift in Sources */ = {isa = PBXBuildFile; fileRef = 6A482DD527B5FE10005BFC16 /* CoinImageService.swift */; };
		6A482DD827B60050005BFC16 /* CoinImageViewModel.swift in Sources */ = {isa = PBXBuildFile; fileRef = 6A482DD727B60050005BFC16 /* CoinImageViewModel.swift */; };
		6A482DDA27B61C2E005BFC16 /* LocalFileManager.swift in Sources */ = {isa = PBXBuildFile; fileRef = 6A482DD927B61C2E005BFC16 /* LocalFileManager.swift */; };
		6A482DDE27B62BDF005BFC16 /* SearchBarView.swift in Sources */ = {isa = PBXBuildFile; fileRef = 6A482DDD27B62BDF005BFC16 /* SearchBarView.swift */; };
		6A482DE027B64E1F005BFC16 /* UIApplication.swift in Sources */ = {isa = PBXBuildFile; fileRef = 6A482DDF27B64E1F005BFC16 /* UIApplication.swift */; };
		6A493EC127B499B800F4A9F4 /* CoinRowView.swift in Sources */ = {isa = PBXBuildFile; fileRef = 6A493EC027B499B800F4A9F4 /* CoinRowView.swift */; };
		6A493EC327B49ADD00F4A9F4 /* PreviewProvider.swift in Sources */ = {isa = PBXBuildFile; fileRef = 6A493EC227B49ADD00F4A9F4 /* PreviewProvider.swift */; };
		6A493EC527B4CA7500F4A9F4 /* Double.swift in Sources */ = {isa = PBXBuildFile; fileRef = 6A493EC427B4CA7500F4A9F4 /* Double.swift */; };
		6A493EC727B4D8F100F4A9F4 /* HomeViewModel.swift in Sources */ = {isa = PBXBuildFile; fileRef = 6A493EC627B4D8F100F4A9F4 /* HomeViewModel.swift */; };
		6AAD08A027B4F6790072AE9C /* CoinDataService.swift in Sources */ = {isa = PBXBuildFile; fileRef = 6AAD089F27B4F6790072AE9C /* CoinDataService.swift */; };
/* End PBXBuildFile section */

/* Begin PBXFileReference section */
		6A06703127BD76940073B205 /* Keboard.swift */ = {isa = PBXFileReference; lastKnownFileType = sourcecode.swift; path = Keboard.swift; sourceTree = "<group>"; };
		6A06703327BD99A10073B205 /* StaticModel.swift */ = {isa = PBXFileReference; lastKnownFileType = sourcecode.swift; path = StaticModel.swift; sourceTree = "<group>"; };
		6A06703527BD9B480073B205 /* EstadisticasView.swift */ = {isa = PBXFileReference; lastKnownFileType = sourcecode.swift; path = EstadisticasView.swift; sourceTree = "<group>"; };
		6A06703727BDA27D0073B205 /* HomeStaView.swift */ = {isa = PBXFileReference; lastKnownFileType = sourcecode.swift; path = HomeStaView.swift; sourceTree = "<group>"; };
		6A06703927BE28990073B205 /* MarketDataModel.swift */ = {isa = PBXFileReference; lastKnownFileType = sourcecode.swift; path = MarketDataModel.swift; sourceTree = "<group>"; };
		6A06703B27BE2C490073B205 /* MarketDataService.swift */ = {isa = PBXFileReference; lastKnownFileType = sourcecode.swift; path = MarketDataService.swift; sourceTree = "<group>"; };
		6A06703D27BEE3670073B205 /* PortafolioView.swift */ = {isa = PBXFileReference; lastKnownFileType = sourcecode.swift; path = PortafolioView.swift; sourceTree = "<group>"; };
		6A06703F27BEE9580073B205 /* XMarkButton.swift */ = {isa = PBXFileReference; lastKnownFileType = sourcecode.swift; path = XMarkButton.swift; sourceTree = "<group>"; };
		6A06704127BF0D1B0073B205 /* CoinLogoView.swift */ = {isa = PBXFileReference; lastKnownFileType = sourcecode.swift; path = CoinLogoView.swift; sourceTree = "<group>"; };
		6A06704427BF3D0A0073B205 /* PortafolioContainer.xcdatamodel */ = {isa = PBXFileReference; lastKnownFileType = wrapper.xcdatamodel; path = PortafolioContainer.xcdatamodel; sourceTree = "<group>"; };
		6A06704627BF3DEF0073B205 /* PortafolioDataService.swift */ = {isa = PBXFileReference; lastKnownFileType = sourcecode.swift; path = PortafolioDataService.swift; sourceTree = "<group>"; };
		6A06704827BF7E960073B205 /* HapticManager.swift */ = {isa = PBXFileReference; lastKnownFileType = sourcecode.swift; path = HapticManager.swift; sourceTree = "<group>"; };
		6A26E5E427B35558001A68E2 /* CrytoWallet.app */ = {isa = PBXFileReference; explicitFileType = wrapper.application; includeInIndex = 0; path = CrytoWallet.app; sourceTree = BUILT_PRODUCTS_DIR; };
		6A26E5E727B35558001A68E2 /* CrytoWalletApp.swift */ = {isa = PBXFileReference; lastKnownFileType = sourcecode.swift; path = CrytoWalletApp.swift; sourceTree = "<group>"; };
		6A26E5E927B35558001A68E2 /* ContentView.swift */ = {isa = PBXFileReference; lastKnownFileType = sourcecode.swift; path = ContentView.swift; sourceTree = "<group>"; };
		6A26E5EB27B3555F001A68E2 /* Assets.xcassets */ = {isa = PBXFileReference; lastKnownFileType = folder.assetcatalog; path = Assets.xcassets; sourceTree = "<group>"; };
		6A26E5EE27B3555F001A68E2 /* Preview Assets.xcassets */ = {isa = PBXFileReference; lastKnownFileType = folder.assetcatalog; path = "Preview Assets.xcassets"; sourceTree = "<group>"; };
		6A26E5F627B3639D001A68E2 /* Colors.swift */ = {isa = PBXFileReference; lastKnownFileType = sourcecode.swift; path = Colors.swift; sourceTree = "<group>"; };
		6A26E5FC27B37CF5001A68E2 /* HomeView.swift */ = {isa = PBXFileReference; lastKnownFileType = sourcecode.swift; path = HomeView.swift; sourceTree = "<group>"; };
		6A26E60027B380B3001A68E2 /* CircleButtonView.swift */ = {isa = PBXFileReference; lastKnownFileType = sourcecode.swift; path = CircleButtonView.swift; sourceTree = "<group>"; };
		6A26E60227B396D3001A68E2 /* CircleButtonAnimationView.swift */ = {isa = PBXFileReference; lastKnownFileType = sourcecode.swift; path = CircleButtonAnimationView.swift; sourceTree = "<group>"; };
		6A26E60527B39CCD001A68E2 /* CoinModel.swift */ = {isa = PBXFileReference; lastKnownFileType = sourcecode.swift; path = CoinModel.swift; sourceTree = "<group>"; };
		6A482DD027B5C68E005BFC16 /* NetworkingManager.swift */ = {isa = PBXFileReference; lastKnownFileType = sourcecode.swift; path = NetworkingManager.swift; sourceTree = "<group>"; };
		6A482DD327B5FB4C005BFC16 /* CoinImageView.swift */ = {isa = PBXFileReference; lastKnownFileType = sourcecode.swift; path = CoinImageView.swift; sourceTree = "<group>"; };
		6A482DD527B5FE10005BFC16 /* CoinImageService.swift */ = {isa = PBXFileReference; lastKnownFileType = sourcecode.swift; path = CoinImageService.swift; sourceTree = "<group>"; };
		6A482DD727B60050005BFC16 /* CoinImageViewModel.swift */ = {isa = PBXFileReference; lastKnownFileType = sourcecode.swift; path = CoinImageViewModel.swift; sourceTree = "<group>"; };
		6A482DD927B61C2E005BFC16 /* LocalFileManager.swift */ = {isa = PBXFileReference; lastKnownFileType = sourcecode.swift; path = LocalFileManager.swift; sourceTree = "<group>"; };
		6A482DDD27B62BDF005BFC16 /* SearchBarView.swift */ = {isa = PBXFileReference; lastKnownFileType = sourcecode.swift; path = SearchBarView.swift; sourceTree = "<group>"; };
		6A482DDF27B64E1F005BFC16 /* UIApplication.swift */ = {isa = PBXFileReference; lastKnownFileType = sourcecode.swift; path = UIApplication.swift; sourceTree = "<group>"; };
		6A493EC027B499B800F4A9F4 /* CoinRowView.swift */ = {isa = PBXFileReference; lastKnownFileType = sourcecode.swift; path = CoinRowView.swift; sourceTree = "<group>"; };
		6A493EC227B49ADD00F4A9F4 /* PreviewProvider.swift */ = {isa = PBXFileReference; lastKnownFileType = sourcecode.swift; path = PreviewProvider.swift; sourceTree = "<group>"; };
		6A493EC427B4CA7500F4A9F4 /* Double.swift */ = {isa = PBXFileReference; lastKnownFileType = sourcecode.swift; path = Double.swift; sourceTree = "<group>"; };
		6A493EC627B4D8F100F4A9F4 /* HomeViewModel.swift */ = {isa = PBXFileReference; lastKnownFileType = sourcecode.swift; path = HomeViewModel.swift; sourceTree = "<group>"; };
		6AAD089F27B4F6790072AE9C /* CoinDataService.swift */ = {isa = PBXFileReference; lastKnownFileType = sourcecode.swift; path = CoinDataService.swift; sourceTree = "<group>"; };
/* End PBXFileReference section */

/* Begin PBXFrameworksBuildPhase section */
		6A26E5E127B35558001A68E2 /* Frameworks */ = {
			isa = PBXFrameworksBuildPhase;
			buildActionMask = 2147483647;
			files = (
			);
			runOnlyForDeploymentPostprocessing = 0;
		};
/* End PBXFrameworksBuildPhase section */

/* Begin PBXGroup section */
		6A26E5DB27B35558001A68E2 = {
			isa = PBXGroup;
			children = (
				6A26E5E627B35558001A68E2 /* CrytoWallet */,
				6A26E5E527B35558001A68E2 /* Products */,
			);
			sourceTree = "<group>";
		};
		6A26E5E527B35558001A68E2 /* Products */ = {
			isa = PBXGroup;
			children = (
				6A26E5E427B35558001A68E2 /* CrytoWallet.app */,
			);
			name = Products;
			sourceTree = "<group>";
		};
		6A26E5E627B35558001A68E2 /* CrytoWallet */ = {
			isa = PBXGroup;
			children = (
				6A482DCF27B5C66E005BFC16 /* Utils */,
				6AAD089E27B4F6630072AE9C /* Service */,
				6A26E60427B39CB9001A68E2 /* Models */,
				6A26E5F827B36931001A68E2 /* Core */,
				6A26E5F527B36384001A68E2 /* Extensions */,
				6A26E5E727B35558001A68E2 /* CrytoWalletApp.swift */,
				6A26E5E927B35558001A68E2 /* ContentView.swift */,
				6A26E5EB27B3555F001A68E2 /* Assets.xcassets */,
				6A26E5ED27B3555F001A68E2 /* Preview Content */,
			);
			path = CrytoWallet;
			sourceTree = "<group>";
		};
		6A26E5ED27B3555F001A68E2 /* Preview Content */ = {
			isa = PBXGroup;
			children = (
				6A26E5EE27B3555F001A68E2 /* Preview Assets.xcassets */,
			);
			path = "Preview Content";
			sourceTree = "<group>";
		};
		6A26E5F527B36384001A68E2 /* Extensions */ = {
			isa = PBXGroup;
			children = (
				6A26E5F627B3639D001A68E2 /* Colors.swift */,
				6A493EC227B49ADD00F4A9F4 /* PreviewProvider.swift */,
				6A493EC427B4CA7500F4A9F4 /* Double.swift */,
				6A482DDF27B64E1F005BFC16 /* UIApplication.swift */,
				6A06703127BD76940073B205 /* Keboard.swift */,
			);
			path = Extensions;
			sourceTree = "<group>";
		};
		6A26E5F827B36931001A68E2 /* Core */ = {
			isa = PBXGroup;
			children = (
				6A26E5FF27B3808D001A68E2 /* Components */,
				6A26E5F927B36938001A68E2 /* Home */,
			);
			path = Core;
			sourceTree = "<group>";
		};
		6A26E5F927B36938001A68E2 /* Home */ = {
			isa = PBXGroup;
			children = (
				6A26E5FB27B36948001A68E2 /* Views */,
				6A26E5FA27B36940001A68E2 /* ViewModels */,
			);
			name = Home;
			sourceTree = "<group>";
		};
		6A26E5FA27B36940001A68E2 /* ViewModels */ = {
			isa = PBXGroup;
			children = (
				6A493EC627B4D8F100F4A9F4 /* HomeViewModel.swift */,
			);
			path = ViewModels;
			sourceTree = "<group>";
		};
		6A26E5FB27B36948001A68E2 /* Views */ = {
			isa = PBXGroup;
			children = (
				6A26E5FC27B37CF5001A68E2 /* HomeView.swift */,
				6A493EC027B499B800F4A9F4 /* CoinRowView.swift */,
				6A06703727BDA27D0073B205 /* HomeStaView.swift */,
				6A06703D27BEE3670073B205 /* PortafolioView.swift */,
			);
			path = Views;
			sourceTree = "<group>";
		};
		6A26E5FE27B38080001A68E2 /* CircleButton */ = {
			isa = PBXGroup;
			children = (
				6A26E60027B380B3001A68E2 /* CircleButtonView.swift */,
				6A26E60227B396D3001A68E2 /* CircleButtonAnimationView.swift */,
			);
			name = CircleButton;
			path = ..;
			sourceTree = "<group>";
		};
		6A26E5FF27B3808D001A68E2 /* Components */ = {
			isa = PBXGroup;
			children = (
				6A482DD227B5FB34005BFC16 /* CoinImage */,
				6A26E5FE27B38080001A68E2 /* CircleButton */,
				6A482DDD27B62BDF005BFC16 /* SearchBarView.swift */,
				6A06703527BD9B480073B205 /* EstadisticasView.swift */,
				6A06703F27BEE9580073B205 /* XMarkButton.swift */,
			);
			path = Components;
			sourceTree = "<group>";
		};
		6A26E60427B39CB9001A68E2 /* Models */ = {
			isa = PBXGroup;
			children = (
				6A26E60527B39CCD001A68E2 /* CoinModel.swift */,
				6A06703327BD99A10073B205 /* StaticModel.swift */,
				6A06703927BE28990073B205 /* MarketDataModel.swift */,
				6A06704327BF3D0A0073B205 /* PortafolioContainer.xcdatamodeld */,
			);
			path = Models;
			sourceTree = "<group>";
		};
		6A482DCF27B5C66E005BFC16 /* Utils */ = {
			isa = PBXGroup;
			children = (
				6A482DD027B5C68E005BFC16 /* NetworkingManager.swift */,
				6A482DD927B61C2E005BFC16 /* LocalFileManager.swift */,
				6A06704827BF7E960073B205 /* HapticManager.swift */,
			);
			path = Utils;
			sourceTree = "<group>";
		};
		6A482DD227B5FB34005BFC16 /* CoinImage */ = {
			isa = PBXGroup;
			children = (
				6A482DD327B5FB4C005BFC16 /* CoinImageView.swift */,
				6A482DD727B60050005BFC16 /* CoinImageViewModel.swift */,
				6A06704127BF0D1B0073B205 /* CoinLogoView.swift */,
			);
			name = CoinImage;
			sourceTree = "<group>";
		};
		6AAD089E27B4F6630072AE9C /* Service */ = {
			isa = PBXGroup;
			children = (
				6AAD089F27B4F6790072AE9C /* CoinDataService.swift */,
				6A482DD527B5FE10005BFC16 /* CoinImageService.swift */,
				6A06703B27BE2C490073B205 /* MarketDataService.swift */,
				6A06704627BF3DEF0073B205 /* PortafolioDataService.swift */,
			);
			name = Service;
			path = Extensions;
			sourceTree = "<group>";
		};
/* End PBXGroup section */

/* Begin PBXNativeTarget section */
		6A26E5E327B35558001A68E2 /* CrytoWallet */ = {
			isa = PBXNativeTarget;
			buildConfigurationList = 6A26E5F227B3555F001A68E2 /* Build configuration list for PBXNativeTarget "CrytoWallet" */;
			buildPhases = (
				6A26E5E027B35558001A68E2 /* Sources */,
				6A26E5E127B35558001A68E2 /* Frameworks */,
				6A26E5E227B35558001A68E2 /* Resources */,
			);
			buildRules = (
			);
			dependencies = (
			);
			name = CrytoWallet;
			productName = CrytoWallet;
			productReference = 6A26E5E427B35558001A68E2 /* CrytoWallet.app */;
			productType = "com.apple.product-type.application";
		};
/* End PBXNativeTarget section */

/* Begin PBXProject section */
		6A26E5DC27B35558001A68E2 /* Project object */ = {
			isa = PBXProject;
			attributes = {
				BuildIndependentTargetsInParallel = 1;
				LastSwiftUpdateCheck = 1320;
				LastUpgradeCheck = 1320;
				TargetAttributes = {
					6A26E5E327B35558001A68E2 = {
						CreatedOnToolsVersion = 13.2.1;
					};
				};
			};
			buildConfigurationList = 6A26E5DF27B35558001A68E2 /* Build configuration list for PBXProject "CrytoWallet" */;
			compatibilityVersion = "Xcode 13.0";
			developmentRegion = en;
			hasScannedForEncodings = 0;
			knownRegions = (
				en,
				Base,
			);
			mainGroup = 6A26E5DB27B35558001A68E2;
			productRefGroup = 6A26E5E527B35558001A68E2 /* Products */;
			projectDirPath = "";
			projectRoot = "";
			targets = (
				6A26E5E327B35558001A68E2 /* CrytoWallet */,
			);
		};
/* End PBXProject section */

/* Begin PBXResourcesBuildPhase section */
		6A26E5E227B35558001A68E2 /* Resources */ = {
			isa = PBXResourcesBuildPhase;
			buildActionMask = 2147483647;
			files = (
				6A26E5EF27B3555F001A68E2 /* Preview Assets.xcassets in Resources */,
				6A26E5EC27B3555F001A68E2 /* Assets.xcassets in Resources */,
			);
			runOnlyForDeploymentPostprocessing = 0;
		};
/* End PBXResourcesBuildPhase section */

/* Begin PBXSourcesBuildPhase section */
		6A26E5E027B35558001A68E2 /* Sources */ = {
			isa = PBXSourcesBuildPhase;
			buildActionMask = 2147483647;
			files = (
				6A06703227BD76940073B205 /* Keboard.swift in Sources */,
				6A06703627BD9B480073B205 /* EstadisticasView.swift in Sources */,
				6AAD08A027B4F6790072AE9C /* CoinDataService.swift in Sources */,
				6A493EC127B499B800F4A9F4 /* CoinRowView.swift in Sources */,
				6A493EC727B4D8F100F4A9F4 /* HomeViewModel.swift in Sources */,
				6A06703C27BE2C490073B205 /* MarketDataService.swift in Sources */,
				6A06704227BF0D1B0073B205 /* CoinLogoView.swift in Sources */,
				6A26E5EA27B35558001A68E2 /* ContentView.swift in Sources */,
				6A482DDA27B61C2E005BFC16 /* LocalFileManager.swift in Sources */,
				6A06703A27BE28990073B205 /* MarketDataModel.swift in Sources */,
				6A26E5FD27B37CF5001A68E2 /* HomeView.swift in Sources */,
				6A482DD427B5FB4C005BFC16 /* CoinImageView.swift in Sources */,
				6A26E5F727B3639D001A68E2 /* Colors.swift in Sources */,
				6A482DE027B64E1F005BFC16 /* UIApplication.swift in Sources */,
				6A26E60127B380B3001A68E2 /* CircleButtonView.swift in Sources */,
				6A06704027BEE9580073B205 /* XMarkButton.swift in Sources */,
				6A26E5E827B35558001A68E2 /* CrytoWalletApp.swift in Sources */,
				6A482DDE27B62BDF005BFC16 /* SearchBarView.swift in Sources */,
				6A482DD127B5C68E005BFC16 /* NetworkingManager.swift in Sources */,
				6A06703E27BEE3670073B205 /* PortafolioView.swift in Sources */,
				6A06703427BD99A10073B205 /* StaticModel.swift in Sources */,
				6A06704527BF3D0A0073B205 /* PortafolioContainer.xcdatamodeld in Sources */,
				6A06704727BF3DEF0073B205 /* PortafolioDataService.swift in Sources */,
				6A06703827BDA27D0073B205 /* HomeStaView.swift in Sources */,
				6A26E60327B396D3001A68E2 /* CircleButtonAnimationView.swift in Sources */,
				6A482DD827B60050005BFC16 /* CoinImageViewModel.swift in Sources */,
				6A493EC327B49ADD00F4A9F4 /* PreviewProvider.swift in Sources */,
				6A493EC527B4CA7500F4A9F4 /* Double.swift in Sources */,
				6A482DD627B5FE10005BFC16 /* CoinImageService.swift in Sources */,
				6A06704927BF7E960073B205 /* HapticManager.swift in Sources */,
				6A26E60627B39CCD001A68E2 /* CoinModel.swift in Sources */,
			);
			runOnlyForDeploymentPostprocessing = 0;
		};
/* End PBXSourcesBuildPhase section */

/* Begin XCBuildConfiguration section */
		6A26E5F027B3555F001A68E2 /* Debug */ = {
			isa = XCBuildConfiguration;
			buildSettings = {
				ALWAYS_SEARCH_USER_PATHS = NO;
				CLANG_ANALYZER_NONNULL = YES;
				CLANG_ANALYZER_NUMBER_OBJECT_CONVERSION = YES_AGGRESSIVE;
				CLANG_CXX_LANGUAGE_STANDARD = "gnu++17";
				CLANG_CXX_LIBRARY = "libc++";
				CLANG_ENABLE_MODULES = YES;
				CLANG_ENABLE_OBJC_ARC = YES;
				CLANG_ENABLE_OBJC_WEAK = YES;
				CLANG_WARN_BLOCK_CAPTURE_AUTORELEASING = YES;
				CLANG_WARN_BOOL_CONVERSION = YES;
				CLANG_WARN_COMMA = YES;
				CLANG_WARN_CONSTANT_CONVERSION = YES;
				CLANG_WARN_DEPRECATED_OBJC_IMPLEMENTATIONS = YES;
				CLANG_WARN_DIRECT_OBJC_ISA_USAGE = YES_ERROR;
				CLANG_WARN_DOCUMENTATION_COMMENTS = YES;
				CLANG_WARN_EMPTY_BODY = YES;
				CLANG_WARN_ENUM_CONVERSION = YES;
				CLANG_WARN_INFINITE_RECURSION = YES;
				CLANG_WARN_INT_CONVERSION = YES;
				CLANG_WARN_NON_LITERAL_NULL_CONVERSION = YES;
				CLANG_WARN_OBJC_IMPLICIT_RETAIN_SELF = YES;
				CLANG_WARN_OBJC_LITERAL_CONVERSION = YES;
				CLANG_WARN_OBJC_ROOT_CLASS = YES_ERROR;
				CLANG_WARN_QUOTED_INCLUDE_IN_FRAMEWORK_HEADER = YES;
				CLANG_WARN_RANGE_LOOP_ANALYSIS = YES;
				CLANG_WARN_STRICT_PROTOTYPES = YES;
				CLANG_WARN_SUSPICIOUS_MOVE = YES;
				CLANG_WARN_UNGUARDED_AVAILABILITY = YES_AGGRESSIVE;
				CLANG_WARN_UNREACHABLE_CODE = YES;
				CLANG_WARN__DUPLICATE_METHOD_MATCH = YES;
				COPY_PHASE_STRIP = NO;
				DEBUG_INFORMATION_FORMAT = dwarf;
				ENABLE_STRICT_OBJC_MSGSEND = YES;
				ENABLE_TESTABILITY = YES;
				GCC_C_LANGUAGE_STANDARD = gnu11;
				GCC_DYNAMIC_NO_PIC = NO;
				GCC_NO_COMMON_BLOCKS = YES;
				GCC_OPTIMIZATION_LEVEL = 0;
				GCC_PREPROCESSOR_DEFINITIONS = (
					"DEBUG=1",
					"$(inherited)",
				);
				GCC_WARN_64_TO_32_BIT_CONVERSION = YES;
				GCC_WARN_ABOUT_RETURN_TYPE = YES_ERROR;
				GCC_WARN_UNDECLARED_SELECTOR = YES;
				GCC_WARN_UNINITIALIZED_AUTOS = YES_AGGRESSIVE;
				GCC_WARN_UNUSED_FUNCTION = YES;
				GCC_WARN_UNUSED_VARIABLE = YES;
				IPHONEOS_DEPLOYMENT_TARGET = 15.2;
				MTL_ENABLE_DEBUG_INFO = INCLUDE_SOURCE;
				MTL_FAST_MATH = YES;
				ONLY_ACTIVE_ARCH = YES;
				SDKROOT = iphoneos;
				SWIFT_ACTIVE_COMPILATION_CONDITIONS = DEBUG;
				SWIFT_OPTIMIZATION_LEVEL = "-Onone";
			};
			name = Debug;
		};
		6A26E5F127B3555F001A68E2 /* Release */ = {
			isa = XCBuildConfiguration;
			buildSettings = {
				ALWAYS_SEARCH_USER_PATHS = NO;
				CLANG_ANALYZER_NONNULL = YES;
				CLANG_ANALYZER_NUMBER_OBJECT_CONVERSION = YES_AGGRESSIVE;
				CLANG_CXX_LANGUAGE_STANDARD = "gnu++17";
				CLANG_CXX_LIBRARY = "libc++";
				CLANG_ENABLE_MODULES = YES;
				CLANG_ENABLE_OBJC_ARC = YES;
				CLANG_ENABLE_OBJC_WEAK = YES;
				CLANG_WARN_BLOCK_CAPTURE_AUTORELEASING = YES;
				CLANG_WARN_BOOL_CONVERSION = YES;
				CLANG_WARN_COMMA = YES;
				CLANG_WARN_CONSTANT_CONVERSION = YES;
				CLANG_WARN_DEPRECATED_OBJC_IMPLEMENTATIONS = YES;
				CLANG_WARN_DIRECT_OBJC_ISA_USAGE = YES_ERROR;
				CLANG_WARN_DOCUMENTATION_COMMENTS = YES;
				CLANG_WARN_EMPTY_BODY = YES;
				CLANG_WARN_ENUM_CONVERSION = YES;
				CLANG_WARN_INFINITE_RECURSION = YES;
				CLANG_WARN_INT_CONVERSION = YES;
				CLANG_WARN_NON_LITERAL_NULL_CONVERSION = YES;
				CLANG_WARN_OBJC_IMPLICIT_RETAIN_SELF = YES;
				CLANG_WARN_OBJC_LITERAL_CONVERSION = YES;
				CLANG_WARN_OBJC_ROOT_CLASS = YES_ERROR;
				CLANG_WARN_QUOTED_INCLUDE_IN_FRAMEWORK_HEADER = YES;
				CLANG_WARN_RANGE_LOOP_ANALYSIS = YES;
				CLANG_WARN_STRICT_PROTOTYPES = YES;
				CLANG_WARN_SUSPICIOUS_MOVE = YES;
				CLANG_WARN_UNGUARDED_AVAILABILITY = YES_AGGRESSIVE;
				CLANG_WARN_UNREACHABLE_CODE = YES;
				CLANG_WARN__DUPLICATE_METHOD_MATCH = YES;
				COPY_PHASE_STRIP = NO;
				DEBUG_INFORMATION_FORMAT = "dwarf-with-dsym";
				ENABLE_NS_ASSERTIONS = NO;
				ENABLE_STRICT_OBJC_MSGSEND = YES;
				GCC_C_LANGUAGE_STANDARD = gnu11;
				GCC_NO_COMMON_BLOCKS = YES;
				GCC_WARN_64_TO_32_BIT_CONVERSION = YES;
				GCC_WARN_ABOUT_RETURN_TYPE = YES_ERROR;
				GCC_WARN_UNDECLARED_SELECTOR = YES;
				GCC_WARN_UNINITIALIZED_AUTOS = YES_AGGRESSIVE;
				GCC_WARN_UNUSED_FUNCTION = YES;
				GCC_WARN_UNUSED_VARIABLE = YES;
				IPHONEOS_DEPLOYMENT_TARGET = 15.2;
				MTL_ENABLE_DEBUG_INFO = NO;
				MTL_FAST_MATH = YES;
				SDKROOT = iphoneos;
				SWIFT_COMPILATION_MODE = wholemodule;
				SWIFT_OPTIMIZATION_LEVEL = "-O";
				VALIDATE_PRODUCT = YES;
			};
			name = Release;
		};
		6A26E5F327B3555F001A68E2 /* Debug */ = {
			isa = XCBuildConfiguration;
			buildSettings = {
				ASSETCATALOG_COMPILER_APPICON_NAME = AppIcon;
				ASSETCATALOG_COMPILER_GLOBAL_ACCENT_COLOR_NAME = AccentColor;
				CODE_SIGN_STYLE = Automatic;
				CURRENT_PROJECT_VERSION = 1;
				DEVELOPMENT_ASSET_PATHS = "\"CrytoWallet/Preview Content\"";
				DEVELOPMENT_TEAM = 9TM8LY638F;
				ENABLE_PREVIEWS = YES;
				GENERATE_INFOPLIST_FILE = YES;
				INFOPLIST_KEY_UIApplicationSceneManifest_Generation = YES;
				INFOPLIST_KEY_UIApplicationSupportsIndirectInputEvents = YES;
				INFOPLIST_KEY_UILaunchScreen_Generation = YES;
				INFOPLIST_KEY_UISupportedInterfaceOrientations_iPad = "UIInterfaceOrientationPortrait UIInterfaceOrientationPortraitUpsideDown UIInterfaceOrientationLandscapeLeft UIInterfaceOrientationLandscapeRight";
				INFOPLIST_KEY_UISupportedInterfaceOrientations_iPhone = "UIInterfaceOrientationPortrait UIInterfaceOrientationLandscapeLeft UIInterfaceOrientationLandscapeRight";
				LD_RUNPATH_SEARCH_PATHS = (
					"$(inherited)",
					"@executable_path/Frameworks",
				);
				MARKETING_VERSION = 1.0;
				PRODUCT_BUNDLE_IDENTIFIER = isaac.CrytoWallet;
				PRODUCT_NAME = "$(TARGET_NAME)";
				SWIFT_EMIT_LOC_STRINGS = YES;
				SWIFT_VERSION = 5.0;
				TARGETED_DEVICE_FAMILY = "1,2";
			};
			name = Debug;
		};
		6A26E5F427B3555F001A68E2 /* Release */ = {
			isa = XCBuildConfiguration;
			buildSettings = {
				ASSETCATALOG_COMPILER_APPICON_NAME = AppIcon;
				ASSETCATALOG_COMPILER_GLOBAL_ACCENT_COLOR_NAME = AccentColor;
				CODE_SIGN_STYLE = Automatic;
				CURRENT_PROJECT_VERSION = 1;
				DEVELOPMENT_ASSET_PATHS = "\"CrytoWallet/Preview Content\"";
				DEVELOPMENT_TEAM = 9TM8LY638F;
				ENABLE_PREVIEWS = YES;
				GENERATE_INFOPLIST_FILE = YES;
				INFOPLIST_KEY_UIApplicationSceneManifest_Generation = YES;
				INFOPLIST_KEY_UIApplicationSupportsIndirectInputEvents = YES;
				INFOPLIST_KEY_UILaunchScreen_Generation = YES;
				INFOPLIST_KEY_UISupportedInterfaceOrientations_iPad = "UIInterfaceOrientationPortrait UIInterfaceOrientationPortraitUpsideDown UIInterfaceOrientationLandscapeLeft UIInterfaceOrientationLandscapeRight";
				INFOPLIST_KEY_UISupportedInterfaceOrientations_iPhone = "UIInterfaceOrientationPortrait UIInterfaceOrientationLandscapeLeft UIInterfaceOrientationLandscapeRight";
				LD_RUNPATH_SEARCH_PATHS = (
					"$(inherited)",
					"@executable_path/Frameworks",
				);
				MARKETING_VERSION = 1.0;
				PRODUCT_BUNDLE_IDENTIFIER = isaac.CrytoWallet;
				PRODUCT_NAME = "$(TARGET_NAME)";
				SWIFT_EMIT_LOC_STRINGS = YES;
				SWIFT_VERSION = 5.0;
				TARGETED_DEVICE_FAMILY = "1,2";
			};
			name = Release;
		};
/* End XCBuildConfiguration section */

/* Begin XCConfigurationList section */
		6A26E5DF27B35558001A68E2 /* Build configuration list for PBXProject "CrytoWallet" */ = {
			isa = XCConfigurationList;
			buildConfigurations = (
				6A26E5F027B3555F001A68E2 /* Debug */,
				6A26E5F127B3555F001A68E2 /* Release */,
			);
			defaultConfigurationIsVisible = 0;
			defaultConfigurationName = Release;
		};
		6A26E5F227B3555F001A68E2 /* Build configuration list for PBXNativeTarget "CrytoWallet" */ = {
			isa = XCConfigurationList;
			buildConfigurations = (
				6A26E5F327B3555F001A68E2 /* Debug */,
				6A26E5F427B3555F001A68E2 /* Release */,
			);
			defaultConfigurationIsVisible = 0;
			defaultConfigurationName = Release;
		};
/* End XCConfigurationList section */

/* Begin XCVersionGroup section */
		6A06704327BF3D0A0073B205 /* PortafolioContainer.xcdatamodeld */ = {
			isa = XCVersionGroup;
			children = (
				6A06704427BF3D0A0073B205 /* PortafolioContainer.xcdatamodel */,
			);
			currentVersion = 6A06704427BF3D0A0073B205 /* PortafolioContainer.xcdatamodel */;
			path = PortafolioContainer.xcdatamodeld;
			sourceTree = "<group>";
			versionGroupType = wrapper.xcdatamodel;
		};
/* End XCVersionGroup section */
	};
	rootObject = 6A26E5DC27B35558001A68E2 /* Project object */;
}
